// !$*UTF8*$!
{
	archiveVersion = 1;
	classes = {
	};
	objectVersion = 46;
	objects = {

/* Begin PBXBuildFile section */
		2CEF9D0C1DA7FFB0000332D2 /* AppDelegate.swift in Sources */ = {isa = PBXBuildFile; fileRef = 2CEF9D0B1DA7FFB0000332D2 /* AppDelegate.swift */; };
		2CEF9D0E1DA7FFB0000332D2 /* ViewController.swift in Sources */ = {isa = PBXBuildFile; fileRef = 2CEF9D0D1DA7FFB0000332D2 /* ViewController.swift */; };
		2CEF9D111DA7FFB0000332D2 /* Main.storyboard in Resources */ = {isa = PBXBuildFile; fileRef = 2CEF9D0F1DA7FFB0000332D2 /* Main.storyboard */; };
		2CEF9D131DA7FFB0000332D2 /* Assets.xcassets in Resources */ = {isa = PBXBuildFile; fileRef = 2CEF9D121DA7FFB0000332D2 /* Assets.xcassets */; };
		2CEF9D161DA7FFB0000332D2 /* LaunchScreen.storyboard in Resources */ = {isa = PBXBuildFile; fileRef = 2CEF9D141DA7FFB0000332D2 /* LaunchScreen.storyboard */; };
		2CEF9D211DA7FFB0000332D2 /* soundboard_appTests.swift in Sources */ = {isa = PBXBuildFile; fileRef = 2CEF9D201DA7FFB0000332D2 /* soundboard_appTests.swift */; };
/* End PBXBuildFile section */

/* Begin PBXContainerItemProxy section */
		2CEF9D1D1DA7FFB0000332D2 /* PBXContainerItemProxy */ = {
			isa = PBXContainerItemProxy;
			containerPortal = 2CEF9D001DA7FFAF000332D2 /* Project object */;
			proxyType = 1;
			remoteGlobalIDString = 2CEF9D071DA7FFAF000332D2;
			remoteInfo = "soundboard app";
		};
/* End PBXContainerItemProxy section */

/* Begin PBXFileReference section */
		2CEF9D081DA7FFB0000332D2 /* soundboard app.app */ = {isa = PBXFileReference; explicitFileType = wrapper.application; includeInIndex = 0; path = "soundboard app.app"; sourceTree = BUILT_PRODUCTS_DIR; };
		2CEF9D0B1DA7FFB0000332D2 /* AppDelegate.swift */ = {isa = PBXFileReference; lastKnownFileType = sourcecode.swift; path = AppDelegate.swift; sourceTree = "<group>"; };
		2CEF9D0D1DA7FFB0000332D2 /* ViewController.swift */ = {isa = PBXFileReference; lastKnownFileType = sourcecode.swift; path = ViewController.swift; sourceTree = "<group>"; };
		2CEF9D101DA7FFB0000332D2 /* Base */ = {isa = PBXFileReference; lastKnownFileType = file.storyboard; name = Base; path = Base.lproj/Main.storyboard; sourceTree = "<group>"; };
		2CEF9D121DA7FFB0000332D2 /* Assets.xcassets */ = {isa = PBXFileReference; lastKnownFileType = folder.assetcatalog; path = Assets.xcassets; sourceTree = "<group>"; };
		2CEF9D151DA7FFB0000332D2 /* Base */ = {isa = PBXFileReference; lastKnownFileType = file.storyboard; name = Base; path = Base.lproj/LaunchScreen.storyboard; sourceTree = "<group>"; };
		2CEF9D171DA7FFB0000332D2 /* Info.plist */ = {isa = PBXFileReference; lastKnownFileType = text.plist.xml; path = Info.plist; sourceTree = "<group>"; };
		2CEF9D1C1DA7FFB0000332D2 /* soundboard appTests.xctest */ = {isa = PBXFileReference; explicitFileType = wrapper.cfbundle; includeInIndex = 0; path = "soundboard appTests.xctest"; sourceTree = BUILT_PRODUCTS_DIR; };
		2CEF9D201DA7FFB0000332D2 /* soundboard_appTests.swift */ = {isa = PBXFileReference; lastKnownFileType = sourcecode.swift; path = soundboard_appTests.swift; sourceTree = "<group>"; };
		2CEF9D221DA7FFB0000332D2 /* Info.plist */ = {isa = PBXFileReference; lastKnownFileType = text.plist.xml; path = Info.plist; sourceTree = "<group>"; };
/* End PBXFileReference section */

/* Begin PBXFrameworksBuildPhase section */
		2CEF9D051DA7FFAF000332D2 /* Frameworks */ = {
			isa = PBXFrameworksBuildPhase;
			buildActionMask = 2147483647;
			files = (
			);
			runOnlyForDeploymentPostprocessing = 0;
		};
		2CEF9D191DA7FFB0000332D2 /* Frameworks */ = {
			isa = PBXFrameworksBuildPhase;
			buildActionMask = 2147483647;
			files = (
			);
			runOnlyForDeploymentPostprocessing = 0;
		};
/* End PBXFrameworksBuildPhase section */

/* Begin PBXGroup section */
		2CEF9CFF1DA7FFAF000332D2 = {
			isa = PBXGroup;
			children = (
				2CEF9D0A1DA7FFB0000332D2 /* soundboard app */,
				2CEF9D1F1DA7FFB0000332D2 /* soundboard appTests */,
				2CEF9D091DA7FFB0000332D2 /* Products */,
			);
			sourceTree = "<group>";
		};
		2CEF9D091DA7FFB0000332D2 /* Products */ = {
			isa = PBXGroup;
			children = (
				2CEF9D081DA7FFB0000332D2 /* soundboard app.app */,
				2CEF9D1C1DA7FFB0000332D2 /* soundboard appTests.xctest */,
			);
			name = Products;
			sourceTree = "<group>";
		};
		2CEF9D0A1DA7FFB0000332D2 /* soundboard app */ = {
			isa = PBXGroup;
			children = (
				2CEF9D0B1DA7FFB0000332D2 /* AppDelegate.swift */,
				2CEF9D0D1DA7FFB0000332D2 /* ViewController.swift */,
				2CEF9D0F1DA7FFB0000332D2 /* Main.storyboard */,
				2CEF9D121DA7FFB0000332D2 /* Assets.xcassets */,
				2CEF9D141DA7FFB0000332D2 /* LaunchScreen.storyboard */,
				2CEF9D171DA7FFB0000332D2 /* Info.plist */,
			);
			path = "soundboard app";
			sourceTree = "<group>";
		};
		2CEF9D1F1DA7FFB0000332D2 /* soundboard appTests */ = {
			isa = PBXGroup;
			children = (
				2CEF9D201DA7FFB0000332D2 /* soundboard_appTests.swift */,
				2CEF9D221DA7FFB0000332D2 /* Info.plist */,
			);
			path = "soundboard appTests";
			sourceTree = "<group>";
		};
/* End PBXGroup section */

/* Begin PBXNativeTarget section */
		2CEF9D071DA7FFAF000332D2 /* soundboard app */ = {
			isa = PBXNativeTarget;
			buildConfigurationList = 2CEF9D251DA7FFB0000332D2 /* Build configuration list for PBXNativeTarget "soundboard app" */;
			buildPhases = (
				2CEF9D041DA7FFAF000332D2 /* Sources */,
				2CEF9D051DA7FFAF000332D2 /* Frameworks */,
				2CEF9D061DA7FFAF000332D2 /* Resources */,
			);
			buildRules = (
			);
			dependencies = (
			);
			name = "soundboard app";
			productName = "soundboard app";
			productReference = 2CEF9D081DA7FFB0000332D2 /* soundboard app.app */;
			productType = "com.apple.product-type.application";
		};
		2CEF9D1B1DA7FFB0000332D2 /* soundboard appTests */ = {
			isa = PBXNativeTarget;
			buildConfigurationList = 2CEF9D281DA7FFB0000332D2 /* Build configuration list for PBXNativeTarget "soundboard appTests" */;
			buildPhases = (
				2CEF9D181DA7FFB0000332D2 /* Sources */,
				2CEF9D191DA7FFB0000332D2 /* Frameworks */,
				2CEF9D1A1DA7FFB0000332D2 /* Resources */,
			);
			buildRules = (
			);
			dependencies = (
				2CEF9D1E1DA7FFB0000332D2 /* PBXTargetDependency */,
			);
			name = "soundboard appTests";
			productName = "soundboard appTests";
			productReference = 2CEF9D1C1DA7FFB0000332D2 /* soundboard appTests.xctest */;
			productType = "com.apple.product-type.bundle.unit-test";
		};
/* End PBXNativeTarget section */

/* Begin PBXProject section */
		2CEF9D001DA7FFAF000332D2 /* Project object */ = {
			isa = PBXProject;
			attributes = {
				LastSwiftUpdateCheck = 0800;
				LastUpgradeCheck = 0800;
				ORGANIZATIONNAME = "Apple Inc";
				TargetAttributes = {
					2CEF9D071DA7FFAF000332D2 = {
						CreatedOnToolsVersion = 8.0;
						ProvisioningStyle = Automatic;
					};
					2CEF9D1B1DA7FFB0000332D2 = {
						CreatedOnToolsVersion = 8.0;
						ProvisioningStyle = Automatic;
						TestTargetID = 2CEF9D071DA7FFAF000332D2;
					};
				};
			};
			buildConfigurationList = 2CEF9D031DA7FFAF000332D2 /* Build configuration list for PBXProject "soundboard app" */;
			compatibilityVersion = "Xcode 3.2";
			developmentRegion = English;
			hasScannedForEncodings = 0;
			knownRegions = (
				en,
				Base,
			);
			mainGroup = 2CEF9CFF1DA7FFAF000332D2;
			productRefGroup = 2CEF9D091DA7FFB0000332D2 /* Products */;
			projectDirPath = "";
			projectRoot = "";
			targets = (
				2CEF9D071DA7FFAF000332D2 /* soundboard app */,
				2CEF9D1B1DA7FFB0000332D2 /* soundboard appTests */,
			);
		};
/* End PBXProject section */

/* Begin PBXResourcesBuildPhase section */
		2CEF9D061DA7FFAF000332D2 /* Resources */ = {
			isa = PBXResourcesBuildPhase;
			buildActionMask = 2147483647;
			files = (
				2CEF9D161DA7FFB0000332D2 /* LaunchScreen.storyboard in Resources */,
				2CEF9D131DA7FFB0000332D2 /* Assets.xcassets in Resources */,
				2CEF9D111DA7FFB0000332D2 /* Main.storyboard in Resources */,
			);
			runOnlyForDeploymentPostprocessing = 0;
		};
		2CEF9D1A1DA7FFB0000332D2 /* Resources */ = {
			isa = PBXResourcesBuildPhase;
			buildActionMask = 2147483647;
			files = (
			);
			runOnlyForDeploymentPostprocessing = 0;
		};
/* End PBXResourcesBuildPhase section */

/* Begin PBXSourcesBuildPhase section */
		2CEF9D041DA7FFAF000332D2 /* Sources */ = {
			isa = PBXSourcesBuildPhase;
			buildActionMask = 2147483647;
			files = (
				2CEF9D0E1DA7FFB0000332D2 /* ViewController.swift in Sources */,
				2CEF9D0C1DA7FFB0000332D2 /* AppDelegate.swift in Sources */,
			);
			runOnlyForDeploymentPostprocessing = 0;
		};
		2CEF9D181DA7FFB0000332D2 /* Sources */ = {
			isa = PBXSourcesBuildPhase;
			buildActionMask = 2147483647;
			files = (
				2CEF9D211DA7FFB0000332D2 /* soundboard_appTests.swift in Sources */,
			);
			runOnlyForDeploymentPostprocessing = 0;
		};
/* End PBXSourcesBuildPhase section */

/* Begin PBXTargetDependency section */
		2CEF9D1E1DA7FFB0000332D2 /* PBXTargetDependency */ = {
			isa = PBXTargetDependency;
			target = 2CEF9D071DA7FFAF000332D2 /* soundboard app */;
			targetProxy = 2CEF9D1D1DA7FFB0000332D2 /* PBXContainerItemProxy */;
		};
/* End PBXTargetDependency section */

/* Begin PBXVariantGroup section */
		2CEF9D0F1DA7FFB0000332D2 /* Main.storyboard */ = {
			isa = PBXVariantGroup;
			children = (
				2CEF9D101DA7FFB0000332D2 /* Base */,
			);
			name = Main.storyboard;
			sourceTree = "<group>";
		};
		2CEF9D141DA7FFB0000332D2 /* LaunchScreen.storyboard */ = {
			isa = PBXVariantGroup;
			children = (
				2CEF9D151DA7FFB0000332D2 /* Base */,
			);
			name = LaunchScreen.storyboard;
			sourceTree = "<group>";
		};
/* End PBXVariantGroup section */

/* Begin XCBuildConfiguration section */
		2CEF9D231DA7FFB0000332D2 /* Debug */ = {
			isa = XCBuildConfiguration;
			buildSettings = {
				ALWAYS_SEARCH_USER_PATHS = NO;
				CLANG_ANALYZER_NONNULL = YES;
				CLANG_CXX_LANGUAGE_STANDARD = "gnu++0x";
				CLANG_CXX_LIBRARY = "libc++";
				CLANG_ENABLE_MODULES = YES;
				CLANG_ENABLE_OBJC_ARC = YES;
				CLANG_WARN_BOOL_CONVERSION = YES;
				CLANG_WARN_CONSTANT_CONVERSION = YES;
				CLANG_WARN_DIRECT_OBJC_ISA_USAGE = YES_ERROR;
				CLANG_WARN_DOCUMENTATION_COMMENTS = YES;
				CLANG_WARN_EMPTY_BODY = YES;
				CLANG_WARN_ENUM_CONVERSION = YES;
				CLANG_WARN_INFINITE_RECURSION = YES;
				CLANG_WARN_INT_CONVERSION = YES;
				CLANG_WARN_OBJC_ROOT_CLASS = YES_ERROR;
				CLANG_WARN_SUSPICIOUS_MOVES = YES;
				CLANG_WARN_UNREACHABLE_CODE = YES;
				CLANG_WARN__DUPLICATE_METHOD_MATCH = YES;
				"CODE_SIGN_IDENTITY[sdk=iphoneos*]" = "iPhone Developer";
				COPY_PHASE_STRIP = NO;
				DEBUG_INFORMATION_FORMAT = dwarf;
				ENABLE_STRICT_OBJC_MSGSEND = YES;
				ENABLE_TESTABILITY = YES;
				GCC_C_LANGUAGE_STANDARD = gnu99;
				GCC_DYNAMIC_NO_PIC = NO;
				GCC_NO_COMMON_BLOCKS = YES;
				GCC_OPTIMIZATION_LEVEL = 0;
				GCC_PREPROCESSOR_DEFINITIONS = (
					"DEBUG=1",
					"$(inherited)",
				);
				GCC_WARN_64_TO_32_BIT_CONVERSION = YES;
				GCC_WARN_ABOUT_RETURN_TYPE = YES_ERROR;
				GCC_WARN_UNDECLARED_SELECTOR = YES;
				GCC_WARN_UNINITIALIZED_AUTOS = YES_AGGRESSIVE;
				GCC_WARN_UNUSED_FUNCTION = YES;
				GCC_WARN_UNUSED_VARIABLE = YES;
				IPHONEOS_DEPLOYMENT_TARGET = 10.0;
				MTL_ENABLE_DEBUG_INFO = YES;
				ONLY_ACTIVE_ARCH = YES;
				SDKROOT = iphoneos;
				SWIFT_ACTIVE_COMPILATION_CONDITIONS = DEBUG;
				SWIFT_OPTIMIZATION_LEVEL = "-Onone";
				TARGETED_DEVICE_FAMILY = "1,2";
			};
			name = Debug;
		};
		2CEF9D241DA7FFB0000332D2 /* Release */ = {
			isa = XCBuildConfiguration;
			buildSettings = {
				ALWAYS_SEARCH_USER_PATHS = NO;
				CLANG_ANALYZER_NONNULL = YES;
				CLANG_CXX_LANGUAGE_STANDARD = "gnu++0x";
				CLANG_CXX_LIBRARY = "libc++";
				CLANG_ENABLE_MODULES = YES;
				CLANG_ENABLE_OBJC_ARC = YES;
				CLANG_WARN_BOOL_CONVERSION = YES;
				CLANG_WARN_CONSTANT_CONVERSION = YES;
				CLANG_WARN_DIRECT_OBJC_ISA_USAGE = YES_ERROR;
				CLANG_WARN_DOCUMENTATION_COMMENTS = YES;
				CLANG_WARN_EMPTY_BODY = YES;
				CLANG_WARN_ENUM_CONVERSION = YES;
				CLANG_WARN_INFINITE_RECURSION = YES;
				CLANG_WARN_INT_CONVERSION = YES;
				CLANG_WARN_OBJC_ROOT_CLASS = YES_ERROR;
				CLANG_WARN_SUSPICIOUS_MOVES = YES;
				CLANG_WARN_UNREACHABLE_CODE = YES;
				CLANG_WARN__DUPLICATE_METHOD_MATCH = YES;
				"CODE_SIGN_IDENTITY[sdk=iphoneos*]" = "iPhone Developer";
				COPY_PHASE_STRIP = NO;
				DEBUG_INFORMATION_FORMAT = "dwarf-with-dsym";
				ENABLE_NS_ASSERTIONS = NO;
				ENABLE_STRICT_OBJC_MSGSEND = YES;
				GCC_C_LANGUAGE_STANDARD = gnu99;
				GCC_NO_COMMON_BLOCKS = YES;
				GCC_WARN_64_TO_32_BIT_CONVERSION = YES;
				GCC_WARN_ABOUT_RETURN_TYPE = YES_ERROR;
				GCC_WARN_UNDECLARED_SELECTOR = YES;
				GCC_WARN_UNINITIALIZED_AUTOS = YES_AGGRESSIVE;
				GCC_WARN_UNUSED_FUNCTION = YES;
				GCC_WARN_UNUSED_VARIABLE = YES;
				IPHONEOS_DEPLOYMENT_TARGET = 10.0;
				MTL_ENABLE_DEBUG_INFO = NO;
				SDKROOT = iphoneos;
				SWIFT_OPTIMIZATION_LEVEL = "-Owholemodule";
				TARGETED_DEVICE_FAMILY = "1,2";
				VALIDATE_PRODUCT = YES;
			};
			name = Release;
		};
		2CEF9D261DA7FFB0000332D2 /* Debug */ = {
			isa = XCBuildConfiguration;
			buildSettings = {
				ASSETCATALOG_COMPILER_APPICON_NAME = AppIcon;
				INFOPLIST_FILE = "soundboard app/Info.plist";
				LD_RUNPATH_SEARCH_PATHS = "$(inherited) @executable_path/Frameworks";
				PRODUCT_BUNDLE_IDENTIFIER = "com-example.soundboard-app";
				PRODUCT_NAME = "$(TARGET_NAME)";
				SWIFT_VERSION = 3.0;
			};
			name = Debug;
		};
		2CEF9D271DA7FFB0000332D2 /* Release */ = {
			isa = XCBuildConfiguration;
			buildSettings = {
				ASSETCATALOG_COMPILER_APPICON_NAME = AppIcon;
				INFOPLIST_FILE = "soundboard app/Info.plist";
				LD_RUNPATH_SEARCH_PATHS = "$(inherited) @executable_path/Frameworks";
				PRODUCT_BUNDLE_IDENTIFIER = "com-example.soundboard-app";
				PRODUCT_NAME = "$(TARGET_NAME)";
				SWIFT_VERSION = 3.0;
			};
			name = Release;
		};
		2CEF9D291DA7FFB0000332D2 /* Debug */ = {
			isa = XCBuildConfiguration;
			buildSettings = {
				ALWAYS_EMBED_SWIFT_STANDARD_LIBRARIES = YES;
				BUNDLE_LOADER = "$(TEST_HOST)";
				INFOPLIST_FILE = "soundboard appTests/Info.plist";
				LD_RUNPATH_SEARCH_PATHS = "$(inherited) @executable_path/Frameworks @loader_path/Frameworks";
				PRODUCT_BUNDLE_IDENTIFIER = "com-example.soundboard-appTests";
				PRODUCT_NAME = "$(TARGET_NAME)";
				SWIFT_VERSION = 3.0;
				TEST_HOST = "$(BUILT_PRODUCTS_DIR)/soundboard app.app/soundboard app";
			};
			name = Debug;
		};
		2CEF9D2A1DA7FFB0000332D2 /* Release */ = {
			isa = XCBuildConfiguration;
			buildSettings = {
				ALWAYS_EMBED_SWIFT_STANDARD_LIBRARIES = YES;
				BUNDLE_LOADER = "$(TEST_HOST)";
				INFOPLIST_FILE = "soundboard appTests/Info.plist";
				LD_RUNPATH_SEARCH_PATHS = "$(inherited) @executable_path/Frameworks @loader_path/Frameworks";
				PRODUCT_BUNDLE_IDENTIFIER = "com-example.soundboard-appTests";
				PRODUCT_NAME = "$(TARGET_NAME)";
				SWIFT_VERSION = 3.0;
				TEST_HOST = "$(BUILT_PRODUCTS_DIR)/soundboard app.app/soundboard app";
			};
			name = Release;
		};
/* End XCBuildConfiguration section */

/* Begin XCConfigurationList section */
		2CEF9D031DA7FFAF000332D2 /* Build configuration list for PBXProject "soundboard app" */ = {
			isa = XCConfigurationList;
			buildConfigurations = (
				2CEF9D231DA7FFB0000332D2 /* Debug */,
				2CEF9D241DA7FFB0000332D2 /* Release */,
			);
			defaultConfigurationIsVisible = 0;
			defaultConfigurationName = Release;
		};
		2CEF9D251DA7FFB0000332D2 /* Build configuration list for PBXNativeTarget "soundboard app" */ = {
			isa = XCConfigurationList;
			buildConfigurations = (
				2CEF9D261DA7FFB0000332D2 /* Debug */,
				2CEF9D271DA7FFB0000332D2 /* Release */,
			);
			defaultConfigurationIsVisible = 0;
		};
		2CEF9D281DA7FFB0000332D2 /* Build configuration list for PBXNativeTarget "soundboard appTests" */ = {
			isa = XCConfigurationList;
			buildConfigurations = (
				2CEF9D291DA7FFB0000332D2 /* Debug */,
				2CEF9D2A1DA7FFB0000332D2 /* Release */,
			);
			defaultConfigurationIsVisible = 0;
		};
/* End XCConfigurationList section */
	};
	rootObject = 2CEF9D001DA7FFAF000332D2 /* Project object */;
}
